
Microsoft Visual Studio Solution File, Format Version 12.00
# Visual Studio Version 17
VisualStudioVersion = 17.0.31808.319
MinimumVisualStudioVersion = 10.0.40219.1
Project("{2150E333-8FDC-42A3-9474-1A3956D46DE8}") = "LivetSnk", "LivetSnk", "{37550EC5-43CF-49E4-A463-85072B1C4B8D}"
	ProjectSection(SolutionItems) = preProject
		LivetSnk\Livet.snk = LivetSnk\Livet.snk
	EndProjectSection
EndProject
Project("{2150E333-8FDC-42A3-9474-1A3956D46DE8}") = "Solution Items", "Solution Items", "{B8EE2D47-01D0-4F5E-9205-8D7B14E0560D}"
	ProjectSection(SolutionItems) = preProject
		license-en.txt = license-en.txt
		license-jp.txt = license-jp.txt
		Livet.props = Livet.props
		README.md = README.md
		README.StatefulModel.md = README.StatefulModel.md
	EndProjectSection
EndProject
Project("{2150E333-8FDC-42A3-9474-1A3956D46DE8}") = "Tools", "Tools", "{C1429347-55CC-4FE8-B3F8-AFB5F4E87AD3}"
EndProject
Project("{2150E333-8FDC-42A3-9474-1A3956D46DE8}") = "NuGet", "NuGet", "{E9939869-6A92-4752-ADA7-EA21AABA293B}"
	ProjectSection(SolutionItems) = preProject
		NuGet\nuget.exe = NuGet\nuget.exe
		NuGet\push.bat = NuGet\push.bat
	EndProjectSection
EndProject
Project("{2150E333-8FDC-42A3-9474-1A3956D46DE8}") = "Templates", "Templates", "{CBDE45EE-37F3-48C9-82C5-6EE39D1BB960}"
EndProject
Project("{2150E333-8FDC-42A3-9474-1A3956D46DE8}") = "ItemTemplates", "ItemTemplates", "{A0C34745-F45D-4A6B-A359-FE89D41CE2B1}"
EndProject
Project("{FAE04EC0-301F-11D3-BF4B-00C04F79EFBC}") = "LivetControlBindingSupportGenerator", "LivetControlBindingSupportGenerator\LivetControlBindingSupportGenerator.csproj", "{CD564616-032A-4FB5-BCBD-B942A99864D8}"
EndProject
Project("{FAE04EC0-301F-11D3-BF4B-00C04F79EFBC}") = "LivetEnumAndBooleanConverterGenerator", "LivetEnumAndBooleanConverterGenerator\LivetEnumAndBooleanConverterGenerator.csproj", "{1AB1F5D2-BD71-47A7-A5F7-1C199DC1AD52}"
EndProject
Project("{FAE04EC0-301F-11D3-BF4B-00C04F79EFBC}") = "Livet.ProjectTemplate.CSharp", "Templates\Livet.ProjectTemplate.CSharp\Livet.ProjectTemplate.CSharp.csproj", "{7C69D055-0538-4F7C-A11F-623DFEEAB1A7}"
EndProject
Project("{FAE04EC0-301F-11D3-BF4B-00C04F79EFBC}") = "Livet.Extensibility", "Templates\Livet.Extensibility\Livet.Extensibility.csproj", "{1E6A8600-FAEE-4A7B-8118-7366EC8E0582}"
EndProject
Project("{FAE04EC0-301F-11D3-BF4B-00C04F79EFBC}") = "LivetInteractionMessageAction.CSharp", "Templates\ItemTemplates\LivetInteractionMessageAction.CSharp\LivetInteractionMessageAction.CSharp.csproj", "{A05A0E54-4F4C-48E8-94C2-551F0B0C959A}"
EndProject
Project("{FAE04EC0-301F-11D3-BF4B-00C04F79EFBC}") = "LivetMessage.CSharp", "Templates\ItemTemplates\LivetMessage.CSharp\LivetMessage.CSharp.csproj", "{7E9AE206-6FE5-4B1F-9FEB-6ABF29C2A938}"
EndProject
Project("{FAE04EC0-301F-11D3-BF4B-00C04F79EFBC}") = "LivetModel.CSharp", "Templates\ItemTemplates\LivetModel.CSharp\LivetModel.CSharp.csproj", "{AF7A7EAA-0999-4619-80FE-41BBC58FBBB0}"
EndProject
Project("{FAE04EC0-301F-11D3-BF4B-00C04F79EFBC}") = "LivetViewModel.CSharp", "Templates\ItemTemplates\LivetViewModel.CSharp\LivetViewModel.CSharp.csproj", "{7DE713E7-01C0-4223-AC06-CB53AC65A78C}"
EndProject
Project("{FAE04EC0-301F-11D3-BF4B-00C04F79EFBC}") = "LivetWindow.CSharp", "Templates\ItemTemplates\LivetWindow.CSharp\LivetWindow.CSharp.csproj", "{794A2B28-E4AA-4CC8-BCD0-ACF3D2068CDE}"
EndProject
Project("{FAE04EC0-301F-11D3-BF4B-00C04F79EFBC}") = "Livet.ItemTemplateExtension", "Templates\ItemTemplates\Livet.ItemTemplateExtension\Livet.ItemTemplateExtension.csproj", "{37A0605C-C950-4446-9B2A-94E6B3D6C0B5}"
EndProject
Project("{FAE04EC0-301F-11D3-BF4B-00C04F79EFBC}") = "Livet.ProjectTemplate.CSharp.NETCore", "Templates\Livet.ProjectTemplate.CSharp.NETCore\Livet.ProjectTemplate.CSharp.NETCore.csproj", "{E6999A6D-614B-4D41-BAE2-14FB16D1BD2C}"
EndProject
Project("{2150E333-8FDC-42A3-9474-1A3956D46DE8}") = "Samples", "Samples", "{94F1F017-53B5-4CA6-9706-3C9C23BABB1E}"
EndProject
Project("{9A19103F-16F7-4668-BE54-9A1E7A4F7556}") = "ViewLayerSupport", "Samples\ViewLayerSupport\ViewLayerSupport.csproj", "{443F4FE1-5C3B-4847-BCBA-5F8E56F63DF6}"
EndProject
Project("{D954291E-2A0B-460D-934E-DC6B0785DB48}") = "Livet.Annotations", "Livet.Annotations\Livet.Annotations.shproj", "{0E65806E-A604-4B5D-8022-B65DDD2714D1}"
EndProject
Project("{9A19103F-16F7-4668-BE54-9A1E7A4F7556}") = "LivetCask", "LivetCask\LivetCask.csproj", "{1CB68812-5436-42FF-A0A0-7CC98E915547}"
EndProject
Project("{9A19103F-16F7-4668-BE54-9A1E7A4F7556}") = "LivetCask.Behaviors", "LivetCask.Behaviors\LivetCask.Behaviors.csproj", "{309087EE-6654-4A5A-9E5B-769B2BA20A0F}"
EndProject
Project("{D954291E-2A0B-460D-934E-DC6B0785DB48}") = "LivetCask.Generated.Behaviors", "LivetCask.Generated.Behaviors\LivetCask.Generated.Behaviors.shproj", "{38377602-36A4-4ACD-9545-FE272557B1F3}"
EndProject
Project("{D954291E-2A0B-460D-934E-DC6B0785DB48}") = "LivetCask.Generated.Converters", "LivetCask.Generated.Converters\LivetCask.Generated.Converters.shproj", "{9190F512-1964-4C9F-8E48-4F1F51DD0CDF}"
EndProject
Project("{9A19103F-16F7-4668-BE54-9A1E7A4F7556}") = "LivetCask.Converters", "LivetCask.Converters\LivetCask.Converters.csproj", "{AE6F03F5-0F2F-4528-83FF-C4B2B2D6B86A}"
EndProject
Project("{2150E333-8FDC-42A3-9474-1A3956D46DE8}") = "GeneratedFiles", "GeneratedFiles", "{284906C0-C12F-42E4-A583-B28FCD180570}"
EndProject
Project("{9A19103F-16F7-4668-BE54-9A1E7A4F7556}") = "LivetCask.EventListeners", "LivetCask.EventListeners\LivetCask.EventListeners.csproj", "{D940DD13-E826-46E9-AAAF-D7FEAC31014D}"
EndProject
Project("{9A19103F-16F7-4668-BE54-9A1E7A4F7556}") = "Livet.Test", "Livet.Test\Livet.Test.csproj", "{3D8FB6D7-6414-4F6E-92C5-FD1C6C201F28}"
EndProject
Project("{9A19103F-16F7-4668-BE54-9A1E7A4F7556}") = "LivetCask.Extensions", "LivetCask.Extensions\LivetCask.Extensions.csproj", "{DCFBB350-CFBD-4265-B5D7-8265040D6252}"
EndProject
Project("{9A19103F-16F7-4668-BE54-9A1E7A4F7556}") = "LivetCask.Messaging", "LivetCask.Messaging\LivetCask.Messaging.csproj", "{184A9460-EF9A-475E-A063-FB1B67725BD2}"
EndProject
Project("{9A19103F-16F7-4668-BE54-9A1E7A4F7556}") = "LivetCask.Core", "LivetCask.Core\LivetCask.Core.csproj", "{08D2B468-ACB2-4917-ABE0-3587E6F174AB}"
EndProject
Project("{9A19103F-16F7-4668-BE54-9A1E7A4F7556}") = "LivetCask.StatefulModel", "LivetCask.StatefulModel\LivetCask.StatefulModel.csproj", "{CA4BC629-774E-40FB-87D7-E3EC96E87744}"
EndProject
Project("{9A19103F-16F7-4668-BE54-9A1E7A4F7556}") = "LivetCask.Collections", "LivetCask.Collections\LivetCask.Collections.csproj", "{A0BBA5C9-CB69-480E-96EC-9359214DDC5A}"
EndProject
Project("{9A19103F-16F7-4668-BE54-9A1E7A4F7556}") = "LivetCask.Mvvm", "LivetCask.Mvvm\LivetCask.Mvvm.csproj", "{7BD47B69-E85C-40BF-B2B8-4EF1E3DACF9F}"
EndProject
Project("{9A19103F-16F7-4668-BE54-9A1E7A4F7556}") = "LivetCask2", "LivetCask2\LivetCask2.csproj", "{6D6D481B-C134-4FA5-8EB3-16982A100913}"
EndProject
Global
	GlobalSection(SharedMSBuildProjectFiles) = preSolution
		Livet.Annotations\Livet.Annotations.projitems*{08d2b468-acb2-4917-abe0-3587e6f174ab}*SharedItemsImports = 5
		Livet.Annotations\Livet.Annotations.projitems*{0e65806e-a604-4b5d-8022-b65ddd2714d1}*SharedItemsImports = 13
		Livet.Annotations\Livet.Annotations.projitems*{184a9460-ef9a-475e-a063-fb1b67725bd2}*SharedItemsImports = 5
		Livet.Annotations\Livet.Annotations.projitems*{1ab1f5d2-bd71-47a7-a5f7-1c199dc1ad52}*SharedItemsImports = 4
		Livet.Annotations\Livet.Annotations.projitems*{1cb68812-5436-42ff-a0a0-7cc98e915547}*SharedItemsImports = 5
		Livet.Annotations\Livet.Annotations.projitems*{1e6a8600-faee-4a7b-8118-7366ec8e0582}*SharedItemsImports = 4
		Livet.Annotations\Livet.Annotations.projitems*{309087ee-6654-4a5a-9e5b-769b2ba20a0f}*SharedItemsImports = 5
		LivetCask.Generated.Behaviors\LivetCask.Generated.Behaviors.projitems*{309087ee-6654-4a5a-9e5b-769b2ba20a0f}*SharedItemsImports = 5
		Livet.Annotations\Livet.Annotations.projitems*{37a0605c-c950-4446-9b2a-94e6b3d6c0b5}*SharedItemsImports = 4
		LivetCask.Generated.Behaviors\LivetCask.Generated.Behaviors.projitems*{38377602-36a4-4acd-9545-fe272557b1f3}*SharedItemsImports = 13
		Livet.Annotations\Livet.Annotations.projitems*{443f4fe1-5c3b-4847-bcba-5f8e56f63df6}*SharedItemsImports = 5
		Livet.Annotations\Livet.Annotations.projitems*{6d6d481b-c134-4fa5-8eb3-16982a100913}*SharedItemsImports = 5
		Livet.Annotations\Livet.Annotations.projitems*{7bd47b69-e85c-40bf-b2b8-4ef1e3dacf9f}*SharedItemsImports = 5
		Livet.Annotations\Livet.Annotations.projitems*{7c69d055-0538-4f7c-a11f-623dfeeab1a7}*SharedItemsImports = 4
		LivetCask.Generated.Converters\LivetCask.Generated.Converters.projitems*{9190f512-1964-4c9f-8e48-4f1f51dd0cdf}*SharedItemsImports = 13
		Livet.Annotations\Livet.Annotations.projitems*{a0bba5c9-cb69-480e-96ec-9359214ddc5a}*SharedItemsImports = 5
		Livet.Annotations\Livet.Annotations.projitems*{ae6f03f5-0f2f-4528-83ff-c4b2b2d6b86a}*SharedItemsImports = 5
		LivetCask.Generated.Converters\LivetCask.Generated.Converters.projitems*{ae6f03f5-0f2f-4528-83ff-c4b2b2d6b86a}*SharedItemsImports = 5
		Livet.Annotations\Livet.Annotations.projitems*{ca4bc629-774e-40fb-87d7-e3ec96e87744}*SharedItemsImports = 5
		Livet.Annotations\Livet.Annotations.projitems*{cd564616-032a-4fb5-bcbd-b942a99864d8}*SharedItemsImports = 4
		Livet.Annotations\Livet.Annotations.projitems*{d940dd13-e826-46e9-aaaf-d7feac31014d}*SharedItemsImports = 5
		Livet.Annotations\Livet.Annotations.projitems*{dcfbb350-cfbd-4265-b5d7-8265040d6252}*SharedItemsImports = 5
		Livet.Annotations\Livet.Annotations.projitems*{e6999a6d-614b-4d41-bae2-14fb16d1bd2c}*SharedItemsImports = 4
	EndGlobalSection
	GlobalSection(SolutionConfigurationPlatforms) = preSolution
		Debug|Any CPU = Debug|Any CPU
		Debug|x86 = Debug|x86
		Release|Any CPU = Release|Any CPU
		Release|x86 = Release|x86
	EndGlobalSection
	GlobalSection(ProjectConfigurationPlatforms) = postSolution
		{CD564616-032A-4FB5-BCBD-B942A99864D8}.Debug|Any CPU.ActiveCfg = Debug|x86
		{CD564616-032A-4FB5-BCBD-B942A99864D8}.Debug|x86.ActiveCfg = Debug|x86
		{CD564616-032A-4FB5-BCBD-B942A99864D8}.Debug|x86.Build.0 = Debug|x86
		{CD564616-032A-4FB5-BCBD-B942A99864D8}.Release|Any CPU.ActiveCfg = Release|x86
		{CD564616-032A-4FB5-BCBD-B942A99864D8}.Release|x86.ActiveCfg = Release|x86
		{1AB1F5D2-BD71-47A7-A5F7-1C199DC1AD52}.Debug|Any CPU.ActiveCfg = Debug|x86
		{1AB1F5D2-BD71-47A7-A5F7-1C199DC1AD52}.Debug|x86.ActiveCfg = Debug|x86
		{1AB1F5D2-BD71-47A7-A5F7-1C199DC1AD52}.Debug|x86.Build.0 = Debug|x86
		{1AB1F5D2-BD71-47A7-A5F7-1C199DC1AD52}.Release|Any CPU.ActiveCfg = Release|x86
		{1AB1F5D2-BD71-47A7-A5F7-1C199DC1AD52}.Release|x86.ActiveCfg = Release|x86
		{7C69D055-0538-4F7C-A11F-623DFEEAB1A7}.Debug|Any CPU.ActiveCfg = Debug|Any CPU
		{7C69D055-0538-4F7C-A11F-623DFEEAB1A7}.Debug|Any CPU.Build.0 = Debug|Any CPU
		{7C69D055-0538-4F7C-A11F-623DFEEAB1A7}.Debug|x86.ActiveCfg = Debug|Any CPU
		{7C69D055-0538-4F7C-A11F-623DFEEAB1A7}.Debug|x86.Build.0 = Debug|Any CPU
		{7C69D055-0538-4F7C-A11F-623DFEEAB1A7}.Release|Any CPU.ActiveCfg = Release|Any CPU
		{7C69D055-0538-4F7C-A11F-623DFEEAB1A7}.Release|Any CPU.Build.0 = Release|Any CPU
		{7C69D055-0538-4F7C-A11F-623DFEEAB1A7}.Release|x86.ActiveCfg = Release|Any CPU
		{7C69D055-0538-4F7C-A11F-623DFEEAB1A7}.Release|x86.Build.0 = Release|Any CPU
		{1E6A8600-FAEE-4A7B-8118-7366EC8E0582}.Debug|Any CPU.ActiveCfg = Debug|Any CPU
		{1E6A8600-FAEE-4A7B-8118-7366EC8E0582}.Debug|Any CPU.Build.0 = Debug|Any CPU
		{1E6A8600-FAEE-4A7B-8118-7366EC8E0582}.Debug|x86.ActiveCfg = Debug|Any CPU
		{1E6A8600-FAEE-4A7B-8118-7366EC8E0582}.Debug|x86.Build.0 = Debug|Any CPU
		{1E6A8600-FAEE-4A7B-8118-7366EC8E0582}.Release|Any CPU.ActiveCfg = Release|Any CPU
		{1E6A8600-FAEE-4A7B-8118-7366EC8E0582}.Release|Any CPU.Build.0 = Release|Any CPU
		{1E6A8600-FAEE-4A7B-8118-7366EC8E0582}.Release|x86.ActiveCfg = Release|Any CPU
		{1E6A8600-FAEE-4A7B-8118-7366EC8E0582}.Release|x86.Build.0 = Release|Any CPU
		{A05A0E54-4F4C-48E8-94C2-551F0B0C959A}.Debug|Any CPU.ActiveCfg = Debug|Any CPU
		{A05A0E54-4F4C-48E8-94C2-551F0B0C959A}.Debug|Any CPU.Build.0 = Debug|Any CPU
		{A05A0E54-4F4C-48E8-94C2-551F0B0C959A}.Debug|x86.ActiveCfg = Debug|Any CPU
		{A05A0E54-4F4C-48E8-94C2-551F0B0C959A}.Debug|x86.Build.0 = Debug|Any CPU
		{A05A0E54-4F4C-48E8-94C2-551F0B0C959A}.Release|Any CPU.ActiveCfg = Release|Any CPU
		{A05A0E54-4F4C-48E8-94C2-551F0B0C959A}.Release|Any CPU.Build.0 = Release|Any CPU
		{A05A0E54-4F4C-48E8-94C2-551F0B0C959A}.Release|x86.ActiveCfg = Release|Any CPU
		{A05A0E54-4F4C-48E8-94C2-551F0B0C959A}.Release|x86.Build.0 = Release|Any CPU
		{7E9AE206-6FE5-4B1F-9FEB-6ABF29C2A938}.Debug|Any CPU.ActiveCfg = Debug|Any CPU
		{7E9AE206-6FE5-4B1F-9FEB-6ABF29C2A938}.Debug|Any CPU.Build.0 = Debug|Any CPU
		{7E9AE206-6FE5-4B1F-9FEB-6ABF29C2A938}.Debug|x86.ActiveCfg = Debug|Any CPU
		{7E9AE206-6FE5-4B1F-9FEB-6ABF29C2A938}.Debug|x86.Build.0 = Debug|Any CPU
		{7E9AE206-6FE5-4B1F-9FEB-6ABF29C2A938}.Release|Any CPU.ActiveCfg = Release|Any CPU
		{7E9AE206-6FE5-4B1F-9FEB-6ABF29C2A938}.Release|Any CPU.Build.0 = Release|Any CPU
		{7E9AE206-6FE5-4B1F-9FEB-6ABF29C2A938}.Release|x86.ActiveCfg = Release|Any CPU
		{7E9AE206-6FE5-4B1F-9FEB-6ABF29C2A938}.Release|x86.Build.0 = Release|Any CPU
		{AF7A7EAA-0999-4619-80FE-41BBC58FBBB0}.Debug|Any CPU.ActiveCfg = Debug|Any CPU
		{AF7A7EAA-0999-4619-80FE-41BBC58FBBB0}.Debug|Any CPU.Build.0 = Debug|Any CPU
		{AF7A7EAA-0999-4619-80FE-41BBC58FBBB0}.Debug|x86.ActiveCfg = Debug|Any CPU
		{AF7A7EAA-0999-4619-80FE-41BBC58FBBB0}.Debug|x86.Build.0 = Debug|Any CPU
		{AF7A7EAA-0999-4619-80FE-41BBC58FBBB0}.Release|Any CPU.ActiveCfg = Release|Any CPU
		{AF7A7EAA-0999-4619-80FE-41BBC58FBBB0}.Release|Any CPU.Build.0 = Release|Any CPU
		{AF7A7EAA-0999-4619-80FE-41BBC58FBBB0}.Release|x86.ActiveCfg = Release|Any CPU
		{AF7A7EAA-0999-4619-80FE-41BBC58FBBB0}.Release|x86.Build.0 = Release|Any CPU
		{7DE713E7-01C0-4223-AC06-CB53AC65A78C}.Debug|Any CPU.ActiveCfg = Debug|Any CPU
		{7DE713E7-01C0-4223-AC06-CB53AC65A78C}.Debug|Any CPU.Build.0 = Debug|Any CPU
		{7DE713E7-01C0-4223-AC06-CB53AC65A78C}.Debug|x86.ActiveCfg = Debug|Any CPU
		{7DE713E7-01C0-4223-AC06-CB53AC65A78C}.Debug|x86.Build.0 = Debug|Any CPU
		{7DE713E7-01C0-4223-AC06-CB53AC65A78C}.Release|Any CPU.ActiveCfg = Release|Any CPU
		{7DE713E7-01C0-4223-AC06-CB53AC65A78C}.Release|Any CPU.Build.0 = Release|Any CPU
		{7DE713E7-01C0-4223-AC06-CB53AC65A78C}.Release|x86.ActiveCfg = Release|Any CPU
		{7DE713E7-01C0-4223-AC06-CB53AC65A78C}.Release|x86.Build.0 = Release|Any CPU
		{794A2B28-E4AA-4CC8-BCD0-ACF3D2068CDE}.Debug|Any CPU.ActiveCfg = Debug|Any CPU
		{794A2B28-E4AA-4CC8-BCD0-ACF3D2068CDE}.Debug|Any CPU.Build.0 = Debug|Any CPU
		{794A2B28-E4AA-4CC8-BCD0-ACF3D2068CDE}.Debug|x86.ActiveCfg = Debug|Any CPU
		{794A2B28-E4AA-4CC8-BCD0-ACF3D2068CDE}.Debug|x86.Build.0 = Debug|Any CPU
		{794A2B28-E4AA-4CC8-BCD0-ACF3D2068CDE}.Release|Any CPU.ActiveCfg = Release|Any CPU
		{794A2B28-E4AA-4CC8-BCD0-ACF3D2068CDE}.Release|Any CPU.Build.0 = Release|Any CPU
		{794A2B28-E4AA-4CC8-BCD0-ACF3D2068CDE}.Release|x86.ActiveCfg = Release|Any CPU
		{794A2B28-E4AA-4CC8-BCD0-ACF3D2068CDE}.Release|x86.Build.0 = Release|Any CPU
		{37A0605C-C950-4446-9B2A-94E6B3D6C0B5}.Debug|Any CPU.ActiveCfg = Debug|Any CPU
		{37A0605C-C950-4446-9B2A-94E6B3D6C0B5}.Debug|Any CPU.Build.0 = Debug|Any CPU
		{37A0605C-C950-4446-9B2A-94E6B3D6C0B5}.Debug|x86.ActiveCfg = Debug|Any CPU
		{37A0605C-C950-4446-9B2A-94E6B3D6C0B5}.Debug|x86.Build.0 = Debug|Any CPU
		{37A0605C-C950-4446-9B2A-94E6B3D6C0B5}.Release|Any CPU.ActiveCfg = Release|Any CPU
		{37A0605C-C950-4446-9B2A-94E6B3D6C0B5}.Release|Any CPU.Build.0 = Release|Any CPU
		{37A0605C-C950-4446-9B2A-94E6B3D6C0B5}.Release|x86.ActiveCfg = Release|Any CPU
		{37A0605C-C950-4446-9B2A-94E6B3D6C0B5}.Release|x86.Build.0 = Release|Any CPU
		{E6999A6D-614B-4D41-BAE2-14FB16D1BD2C}.Debug|Any CPU.ActiveCfg = Debug|Any CPU
		{E6999A6D-614B-4D41-BAE2-14FB16D1BD2C}.Debug|Any CPU.Build.0 = Debug|Any CPU
		{E6999A6D-614B-4D41-BAE2-14FB16D1BD2C}.Debug|x86.ActiveCfg = Debug|Any CPU
		{E6999A6D-614B-4D41-BAE2-14FB16D1BD2C}.Debug|x86.Build.0 = Debug|Any CPU
		{E6999A6D-614B-4D41-BAE2-14FB16D1BD2C}.Release|Any CPU.ActiveCfg = Release|Any CPU
		{E6999A6D-614B-4D41-BAE2-14FB16D1BD2C}.Release|Any CPU.Build.0 = Release|Any CPU
		{E6999A6D-614B-4D41-BAE2-14FB16D1BD2C}.Release|x86.ActiveCfg = Release|Any CPU
		{E6999A6D-614B-4D41-BAE2-14FB16D1BD2C}.Release|x86.Build.0 = Release|Any CPU
		{443F4FE1-5C3B-4847-BCBA-5F8E56F63DF6}.Debug|Any CPU.ActiveCfg = Debug|Any CPU
		{443F4FE1-5C3B-4847-BCBA-5F8E56F63DF6}.Debug|Any CPU.Build.0 = Debug|Any CPU
		{443F4FE1-5C3B-4847-BCBA-5F8E56F63DF6}.Debug|x86.ActiveCfg = Debug|Any CPU
		{443F4FE1-5C3B-4847-BCBA-5F8E56F63DF6}.Debug|x86.Build.0 = Debug|Any CPU
		{443F4FE1-5C3B-4847-BCBA-5F8E56F63DF6}.Release|Any CPU.ActiveCfg = Release|Any CPU
		{443F4FE1-5C3B-4847-BCBA-5F8E56F63DF6}.Release|Any CPU.Build.0 = Release|Any CPU
		{443F4FE1-5C3B-4847-BCBA-5F8E56F63DF6}.Release|x86.ActiveCfg = Release|Any CPU
		{443F4FE1-5C3B-4847-BCBA-5F8E56F63DF6}.Release|x86.Build.0 = Release|Any CPU
		{1CB68812-5436-42FF-A0A0-7CC98E915547}.Debug|Any CPU.ActiveCfg = Debug|Any CPU
		{1CB68812-5436-42FF-A0A0-7CC98E915547}.Debug|Any CPU.Build.0 = Debug|Any CPU
		{1CB68812-5436-42FF-A0A0-7CC98E915547}.Debug|x86.ActiveCfg = Debug|Any CPU
		{1CB68812-5436-42FF-A0A0-7CC98E915547}.Debug|x86.Build.0 = Debug|Any CPU
		{1CB68812-5436-42FF-A0A0-7CC98E915547}.Release|Any CPU.ActiveCfg = Release|Any CPU
		{1CB68812-5436-42FF-A0A0-7CC98E915547}.Release|Any CPU.Build.0 = Release|Any CPU
		{1CB68812-5436-42FF-A0A0-7CC98E915547}.Release|x86.ActiveCfg = Release|Any CPU
		{1CB68812-5436-42FF-A0A0-7CC98E915547}.Release|x86.Build.0 = Release|Any CPU
		{309087EE-6654-4A5A-9E5B-769B2BA20A0F}.Debug|Any CPU.ActiveCfg = Debug|Any CPU
		{309087EE-6654-4A5A-9E5B-769B2BA20A0F}.Debug|Any CPU.Build.0 = Debug|Any CPU
		{309087EE-6654-4A5A-9E5B-769B2BA20A0F}.Debug|x86.ActiveCfg = Debug|Any CPU
		{309087EE-6654-4A5A-9E5B-769B2BA20A0F}.Debug|x86.Build.0 = Debug|Any CPU
		{309087EE-6654-4A5A-9E5B-769B2BA20A0F}.Release|Any CPU.ActiveCfg = Release|Any CPU
		{309087EE-6654-4A5A-9E5B-769B2BA20A0F}.Release|Any CPU.Build.0 = Release|Any CPU
		{309087EE-6654-4A5A-9E5B-769B2BA20A0F}.Release|x86.ActiveCfg = Release|Any CPU
		{309087EE-6654-4A5A-9E5B-769B2BA20A0F}.Release|x86.Build.0 = Release|Any CPU
		{AE6F03F5-0F2F-4528-83FF-C4B2B2D6B86A}.Debug|Any CPU.ActiveCfg = Debug|Any CPU
		{AE6F03F5-0F2F-4528-83FF-C4B2B2D6B86A}.Debug|Any CPU.Build.0 = Debug|Any CPU
		{AE6F03F5-0F2F-4528-83FF-C4B2B2D6B86A}.Debug|x86.ActiveCfg = Debug|Any CPU
		{AE6F03F5-0F2F-4528-83FF-C4B2B2D6B86A}.Debug|x86.Build.0 = Debug|Any CPU
		{AE6F03F5-0F2F-4528-83FF-C4B2B2D6B86A}.Release|Any CPU.ActiveCfg = Release|Any CPU
		{AE6F03F5-0F2F-4528-83FF-C4B2B2D6B86A}.Release|Any CPU.Build.0 = Release|Any CPU
		{AE6F03F5-0F2F-4528-83FF-C4B2B2D6B86A}.Release|x86.ActiveCfg = Release|Any CPU
		{AE6F03F5-0F2F-4528-83FF-C4B2B2D6B86A}.Release|x86.Build.0 = Release|Any CPU
		{D940DD13-E826-46E9-AAAF-D7FEAC31014D}.Debug|Any CPU.ActiveCfg = Debug|Any CPU
		{D940DD13-E826-46E9-AAAF-D7FEAC31014D}.Debug|Any CPU.Build.0 = Debug|Any CPU
		{D940DD13-E826-46E9-AAAF-D7FEAC31014D}.Debug|x86.ActiveCfg = Debug|Any CPU
		{D940DD13-E826-46E9-AAAF-D7FEAC31014D}.Debug|x86.Build.0 = Debug|Any CPU
		{D940DD13-E826-46E9-AAAF-D7FEAC31014D}.Release|Any CPU.ActiveCfg = Release|Any CPU
		{D940DD13-E826-46E9-AAAF-D7FEAC31014D}.Release|Any CPU.Build.0 = Release|Any CPU
		{D940DD13-E826-46E9-AAAF-D7FEAC31014D}.Release|x86.ActiveCfg = Release|Any CPU
		{D940DD13-E826-46E9-AAAF-D7FEAC31014D}.Release|x86.Build.0 = Release|Any CPU
		{3D8FB6D7-6414-4F6E-92C5-FD1C6C201F28}.Debug|Any CPU.ActiveCfg = Debug|Any CPU
		{3D8FB6D7-6414-4F6E-92C5-FD1C6C201F28}.Debug|Any CPU.Build.0 = Debug|Any CPU
		{3D8FB6D7-6414-4F6E-92C5-FD1C6C201F28}.Debug|x86.ActiveCfg = Debug|Any CPU
		{3D8FB6D7-6414-4F6E-92C5-FD1C6C201F28}.Debug|x86.Build.0 = Debug|Any CPU
		{3D8FB6D7-6414-4F6E-92C5-FD1C6C201F28}.Release|Any CPU.ActiveCfg = Release|Any CPU
		{3D8FB6D7-6414-4F6E-92C5-FD1C6C201F28}.Release|Any CPU.Build.0 = Release|Any CPU
		{3D8FB6D7-6414-4F6E-92C5-FD1C6C201F28}.Release|x86.ActiveCfg = Release|Any CPU
		{3D8FB6D7-6414-4F6E-92C5-FD1C6C201F28}.Release|x86.Build.0 = Release|Any CPU
		{DCFBB350-CFBD-4265-B5D7-8265040D6252}.Debug|Any CPU.ActiveCfg = Debug|Any CPU
		{DCFBB350-CFBD-4265-B5D7-8265040D6252}.Debug|Any CPU.Build.0 = Debug|Any CPU
		{DCFBB350-CFBD-4265-B5D7-8265040D6252}.Debug|x86.ActiveCfg = Debug|Any CPU
		{DCFBB350-CFBD-4265-B5D7-8265040D6252}.Debug|x86.Build.0 = Debug|Any CPU
		{DCFBB350-CFBD-4265-B5D7-8265040D6252}.Release|Any CPU.ActiveCfg = Release|Any CPU
		{DCFBB350-CFBD-4265-B5D7-8265040D6252}.Release|Any CPU.Build.0 = Release|Any CPU
		{DCFBB350-CFBD-4265-B5D7-8265040D6252}.Release|x86.ActiveCfg = Release|Any CPU
		{DCFBB350-CFBD-4265-B5D7-8265040D6252}.Release|x86.Build.0 = Release|Any CPU
		{184A9460-EF9A-475E-A063-FB1B67725BD2}.Debug|Any CPU.ActiveCfg = Debug|Any CPU
		{184A9460-EF9A-475E-A063-FB1B67725BD2}.Debug|Any CPU.Build.0 = Debug|Any CPU
		{184A9460-EF9A-475E-A063-FB1B67725BD2}.Debug|x86.ActiveCfg = Debug|Any CPU
		{184A9460-EF9A-475E-A063-FB1B67725BD2}.Debug|x86.Build.0 = Debug|Any CPU
		{184A9460-EF9A-475E-A063-FB1B67725BD2}.Release|Any CPU.ActiveCfg = Release|Any CPU
		{184A9460-EF9A-475E-A063-FB1B67725BD2}.Release|Any CPU.Build.0 = Release|Any CPU
		{184A9460-EF9A-475E-A063-FB1B67725BD2}.Release|x86.ActiveCfg = Release|Any CPU
		{184A9460-EF9A-475E-A063-FB1B67725BD2}.Release|x86.Build.0 = Release|Any CPU
		{08D2B468-ACB2-4917-ABE0-3587E6F174AB}.Debug|Any CPU.ActiveCfg = Debug|Any CPU
		{08D2B468-ACB2-4917-ABE0-3587E6F174AB}.Debug|Any CPU.Build.0 = Debug|Any CPU
		{08D2B468-ACB2-4917-ABE0-3587E6F174AB}.Debug|x86.ActiveCfg = Debug|Any CPU
		{08D2B468-ACB2-4917-ABE0-3587E6F174AB}.Debug|x86.Build.0 = Debug|Any CPU
		{08D2B468-ACB2-4917-ABE0-3587E6F174AB}.Release|Any CPU.ActiveCfg = Release|Any CPU
		{08D2B468-ACB2-4917-ABE0-3587E6F174AB}.Release|Any CPU.Build.0 = Release|Any CPU
		{08D2B468-ACB2-4917-ABE0-3587E6F174AB}.Release|x86.ActiveCfg = Release|Any CPU
		{08D2B468-ACB2-4917-ABE0-3587E6F174AB}.Release|x86.Build.0 = Release|Any CPU
		{CA4BC629-774E-40FB-87D7-E3EC96E87744}.Debug|Any CPU.ActiveCfg = Debug|Any CPU
		{CA4BC629-774E-40FB-87D7-E3EC96E87744}.Debug|Any CPU.Build.0 = Debug|Any CPU
		{CA4BC629-774E-40FB-87D7-E3EC96E87744}.Debug|x86.ActiveCfg = Debug|Any CPU
		{CA4BC629-774E-40FB-87D7-E3EC96E87744}.Debug|x86.Build.0 = Debug|Any CPU
		{CA4BC629-774E-40FB-87D7-E3EC96E87744}.Release|Any CPU.ActiveCfg = Release|Any CPU
		{CA4BC629-774E-40FB-87D7-E3EC96E87744}.Release|Any CPU.Build.0 = Release|Any CPU
		{CA4BC629-774E-40FB-87D7-E3EC96E87744}.Release|x86.ActiveCfg = Release|Any CPU
		{CA4BC629-774E-40FB-87D7-E3EC96E87744}.Release|x86.Build.0 = Release|Any CPU
		{A0BBA5C9-CB69-480E-96EC-9359214DDC5A}.Debug|Any CPU.ActiveCfg = Debug|Any CPU
		{A0BBA5C9-CB69-480E-96EC-9359214DDC5A}.Debug|Any CPU.Build.0 = Debug|Any CPU
		{A0BBA5C9-CB69-480E-96EC-9359214DDC5A}.Debug|x86.ActiveCfg = Debug|Any CPU
		{A0BBA5C9-CB69-480E-96EC-9359214DDC5A}.Debug|x86.Build.0 = Debug|Any CPU
		{A0BBA5C9-CB69-480E-96EC-9359214DDC5A}.Release|Any CPU.ActiveCfg = Release|Any CPU
		{A0BBA5C9-CB69-480E-96EC-9359214DDC5A}.Release|Any CPU.Build.0 = Release|Any CPU
		{A0BBA5C9-CB69-480E-96EC-9359214DDC5A}.Release|x86.ActiveCfg = Release|Any CPU
		{A0BBA5C9-CB69-480E-96EC-9359214DDC5A}.Release|x86.Build.0 = Release|Any CPU
		{7BD47B69-E85C-40BF-B2B8-4EF1E3DACF9F}.Debug|Any CPU.ActiveCfg = Debug|Any CPU
		{7BD47B69-E85C-40BF-B2B8-4EF1E3DACF9F}.Debug|Any CPU.Build.0 = Debug|Any CPU
		{7BD47B69-E85C-40BF-B2B8-4EF1E3DACF9F}.Debug|x86.ActiveCfg = Debug|Any CPU
		{7BD47B69-E85C-40BF-B2B8-4EF1E3DACF9F}.Debug|x86.Build.0 = Debug|Any CPU
		{7BD47B69-E85C-40BF-B2B8-4EF1E3DACF9F}.Release|Any CPU.ActiveCfg = Release|Any CPU
		{7BD47B69-E85C-40BF-B2B8-4EF1E3DACF9F}.Release|Any CPU.Build.0 = Release|Any CPU
		{7BD47B69-E85C-40BF-B2B8-4EF1E3DACF9F}.Release|x86.ActiveCfg = Release|Any CPU
		{7BD47B69-E85C-40BF-B2B8-4EF1E3DACF9F}.Release|x86.Build.0 = Release|Any CPU
		{6D6D481B-C134-4FA5-8EB3-16982A100913}.Debug|Any CPU.ActiveCfg = Debug|Any CPU
		{6D6D481B-C134-4FA5-8EB3-16982A100913}.Debug|Any CPU.Build.0 = Debug|Any CPU
		{6D6D481B-C134-4FA5-8EB3-16982A100913}.Debug|x86.ActiveCfg = Debug|Any CPU
		{6D6D481B-C134-4FA5-8EB3-16982A100913}.Debug|x86.Build.0 = Debug|Any CPU
		{6D6D481B-C134-4FA5-8EB3-16982A100913}.Release|Any CPU.ActiveCfg = Release|Any CPU
		{6D6D481B-C134-4FA5-8EB3-16982A100913}.Release|Any CPU.Build.0 = Release|Any CPU
		{6D6D481B-C134-4FA5-8EB3-16982A100913}.Release|x86.ActiveCfg = Release|Any CPU
		{6D6D481B-C134-4FA5-8EB3-16982A100913}.Release|x86.Build.0 = Release|Any CPU
	EndGlobalSection
	GlobalSection(SolutionProperties) = preSolution
		HideSolutionNode = FALSE
	EndGlobalSection
	GlobalSection(NestedProjects) = preSolution
		{A0C34745-F45D-4A6B-A359-FE89D41CE2B1} = {CBDE45EE-37F3-48C9-82C5-6EE39D1BB960}
		{CD564616-032A-4FB5-BCBD-B942A99864D8} = {C1429347-55CC-4FE8-B3F8-AFB5F4E87AD3}
		{1AB1F5D2-BD71-47A7-A5F7-1C199DC1AD52} = {C1429347-55CC-4FE8-B3F8-AFB5F4E87AD3}
		{7C69D055-0538-4F7C-A11F-623DFEEAB1A7} = {CBDE45EE-37F3-48C9-82C5-6EE39D1BB960}
		{1E6A8600-FAEE-4A7B-8118-7366EC8E0582} = {CBDE45EE-37F3-48C9-82C5-6EE39D1BB960}
		{A05A0E54-4F4C-48E8-94C2-551F0B0C959A} = {A0C34745-F45D-4A6B-A359-FE89D41CE2B1}
		{7E9AE206-6FE5-4B1F-9FEB-6ABF29C2A938} = {A0C34745-F45D-4A6B-A359-FE89D41CE2B1}
		{AF7A7EAA-0999-4619-80FE-41BBC58FBBB0} = {A0C34745-F45D-4A6B-A359-FE89D41CE2B1}
		{7DE713E7-01C0-4223-AC06-CB53AC65A78C} = {A0C34745-F45D-4A6B-A359-FE89D41CE2B1}
		{794A2B28-E4AA-4CC8-BCD0-ACF3D2068CDE} = {A0C34745-F45D-4A6B-A359-FE89D41CE2B1}
		{37A0605C-C950-4446-9B2A-94E6B3D6C0B5} = {A0C34745-F45D-4A6B-A359-FE89D41CE2B1}
		{E6999A6D-614B-4D41-BAE2-14FB16D1BD2C} = {CBDE45EE-37F3-48C9-82C5-6EE39D1BB960}
		{443F4FE1-5C3B-4847-BCBA-5F8E56F63DF6} = {94F1F017-53B5-4CA6-9706-3C9C23BABB1E}
		{38377602-36A4-4ACD-9545-FE272557B1F3} = {284906C0-C12F-42E4-A583-B28FCD180570}
		{9190F512-1964-4C9F-8E48-4F1F51DD0CDF} = {284906C0-C12F-42E4-A583-B28FCD180570}
	EndGlobalSection
	GlobalSection(ExtensibilityGlobals) = postSolution
		SolutionGuid = {48A655F3-E02E-4B89-8D4E-A60B39A355D4}
	EndGlobalSection
EndGlobal
